
Microsoft Visual Studio Solution File, Format Version 12.00
# Visual Studio Version 17
VisualStudioVersion = 17.3.32901.215
MinimumVisualStudioVersion = 10.0.40219.1
Project("{FAE04EC0-301F-11D3-BF4B-00C04F79EFBC}") = "HurryUp.Android", "HurryUp.Android\HurryUp.Android.csproj", "{AB9DEEA6-D96C-465F-9795-BEE5C0AC8085}"
EndProject
Project("{FAE04EC0-301F-11D3-BF4B-00C04F79EFBC}") = "HurryUp", "HurryUp\HurryUp.csproj", "{933E0C19-2B82-4C96-A1A9-C98E6EB45369}"
EndProject
Global
	GlobalSection(SolutionConfigurationPlatforms) = preSolution
		Debug|Any CPU = Debug|Any CPU
		Release|Any CPU = Release|Any CPU
	EndGlobalSection
	GlobalSection(ProjectConfigurationPlatforms) = postSolution
		{AB9DEEA6-D96C-465F-9795-BEE5C0AC8085}.Debug|Any CPU.ActiveCfg = Debug|Any CPU
		{AB9DEEA6-D96C-465F-9795-BEE5C0AC8085}.Debug|Any CPU.Build.0 = Debug|Any CPU
		{AB9DEEA6-D96C-465F-9795-BEE5C0AC8085}.Debug|Any CPU.Deploy.0 = Debug|Any CPU
		{AB9DEEA6-D96C-465F-9795-BEE5C0AC8085}.Release|Any CPU.ActiveCfg = Release|Any CPU
		{AB9DEEA6-D96C-465F-9795-BEE5C0AC8085}.Release|Any CPU.Build.0 = Release|Any CPU
		{AB9DEEA6-D96C-465F-9795-BEE5C0AC8085}.Release|Any CPU.Deploy.0 = Release|Any CPU
		{933E0C19-2B82-4C96-A1A9-C98E6EB45369}.Debug|Any CPU.ActiveCfg = Debug|Any CPU
		{933E0C19-2B82-4C96-A1A9-C98E6EB45369}.Debug|Any CPU.Build.0 = Debug|Any CPU
		{933E0C19-2B82-4C96-A1A9-C98E6EB45369}.Debug|Any CPU.Deploy.0 = Debug|Any CPU
		{933E0C19-2B82-4C96-A1A9-C98E6EB45369}.Release|Any CPU.ActiveCfg = Release|Any CPU
		{933E0C19-2B82-4C96-A1A9-C98E6EB45369}.Release|Any CPU.Build.0 = Release|Any CPU
		{933E0C19-2B82-4C96-A1A9-C98E6EB45369}.Release|Any CPU.Deploy.0 = Release|Any CPU
	EndGlobalSection
	GlobalSection(SolutionProperties) = preSolution
		HideSolutionNode = FALSE
	EndGlobalSection
	GlobalSection(ExtensibilityGlobals) = postSolution
		SolutionGuid = {2B655B24-9146-4124-B6A7-AAEF91CFAF95}
	EndGlobalSection
EndGlobal
